
Microsoft Visual Studio Solution File, Format Version 12.00
# Visual Studio Version 17
VisualStudioVersion = 17.2.32526.322
MinimumVisualStudioVersion = 10.0.40219.1
Project("{FAE04EC0-301F-11D3-BF4B-00C04F79EFBC}") = "CampingMaasvallei", "CampingMaasvallei\CampingMaasvallei.csproj", "{DA870B30-84BE-4D54-BE18-68BEA897276F}"
EndProject
Global
	GlobalSection(SolutionConfigurationPlatforms) = preSolution
		Debug|Any CPU = Debug|Any CPU
		Release|Any CPU = Release|Any CPU
	EndGlobalSection
	GlobalSection(ProjectConfigurationPlatforms) = postSolution
		{DA870B30-84BE-4D54-BE18-68BEA897276F}.Debug|Any CPU.ActiveCfg = Debug|Any CPU
		{DA870B30-84BE-4D54-BE18-68BEA897276F}.Debug|Any CPU.Build.0 = Debug|Any CPU
		{DA870B30-84BE-4D54-BE18-68BEA897276F}.Release|Any CPU.ActiveCfg = Release|Any CPU
		{DA870B30-84BE-4D54-BE18-68BEA897276F}.Release|Any CPU.Build.0 = Release|Any CPU
	EndGlobalSection
	GlobalSection(SolutionProperties) = preSolution
		HideSolutionNode = FALSE
	EndGlobalSection
	GlobalSection(ExtensibilityGlobals) = postSolution
		SolutionGuid = {BBAE390B-BAA7-4A05-BF8A-FF643482B943}
	EndGlobalSection
EndGlobal
